
Microsoft Visual Studio Solution File, Format Version 12.00
# Visual Studio Version 16
VisualStudioVersion = 16.0.29728.190
MinimumVisualStudioVersion = 10.0.40219.1
Project("{FAE04EC0-301F-11D3-BF4B-00C04F79EFBC}") = "ConsoleApp4", "ConsoleApp4.csproj", "{C6070D4F-161C-4612-A796-7D12E35CAEDE}"
EndProject
Project("{FAE04EC0-301F-11D3-BF4B-00C04F79EFBC}") = "UnitTestProject4", "..\UnitTestProject4\UnitTestProject4.csproj", "{94E30DEE-0644-4F31-8875-B4E8F979EAB4}"
EndProject
Global
	GlobalSection(SolutionConfigurationPlatforms) = preSolution
		Debug|Any CPU = Debug|Any CPU
		Release|Any CPU = Release|Any CPU
	EndGlobalSection
	GlobalSection(ProjectConfigurationPlatforms) = postSolution
		{C6070D4F-161C-4612-A796-7D12E35CAEDE}.Debug|Any CPU.ActiveCfg = Debug|Any CPU
		{C6070D4F-161C-4612-A796-7D12E35CAEDE}.Debug|Any CPU.Build.0 = Debug|Any CPU
		{C6070D4F-161C-4612-A796-7D12E35CAEDE}.Release|Any CPU.ActiveCfg = Release|Any CPU
		{C6070D4F-161C-4612-A796-7D12E35CAEDE}.Release|Any CPU.Build.0 = Release|Any CPU
		{94E30DEE-0644-4F31-8875-B4E8F979EAB4}.Debug|Any CPU.ActiveCfg = Debug|Any CPU
		{94E30DEE-0644-4F31-8875-B4E8F979EAB4}.Debug|Any CPU.Build.0 = Debug|Any CPU
		{94E30DEE-0644-4F31-8875-B4E8F979EAB4}.Release|Any CPU.ActiveCfg = Release|Any CPU
		{94E30DEE-0644-4F31-8875-B4E8F979EAB4}.Release|Any CPU.Build.0 = Release|Any CPU
	EndGlobalSection
	GlobalSection(SolutionProperties) = preSolution
		HideSolutionNode = FALSE
	EndGlobalSection
	GlobalSection(ExtensibilityGlobals) = postSolution
		SolutionGuid = {45EEEE44-7962-4981-A264-F77EAA272A3B}
	EndGlobalSection
EndGlobal
